{
  "name": "webproject",
  "version": "1.0.0",
  "lockfileVersion": 1,
  "requires": true,
  "dependencies": {
    "bootswatch": {
      "version": "4.5.3",
      "resolved": "https://registry.npmjs.org/node_modules/bootswatch/-/bootswatch-4.5.3.tgz",
      "integrity": "sha512-gaB3gBSAegmYbk97aVELKcSKVdPjWsSY4yCITkUt/SqbqjtMU/HtIUszb4O9vzdbrfuVXThc/qCXzjoJaAPgiQ=="
    }
  }
}
